
Microsoft Visual Studio Solution File, Format Version 12.00
# Visual Studio Version 17
VisualStudioVersion = 17.9.34616.47
MinimumVisualStudioVersion = 10.0.40219.1
Project("{FAE04EC0-301F-11D3-BF4B-00C04F79EFBC}") = "csharp_app_5", "csharp_app_5.csproj", "{3269B720-36F9-43D5-B954-1C5094447DB8}"
EndProject
Global
	GlobalSection(SolutionConfigurationPlatforms) = preSolution
		Debug|Any CPU = Debug|Any CPU
		Release|Any CPU = Release|Any CPU
	EndGlobalSection
	GlobalSection(ProjectConfigurationPlatforms) = postSolution
		{3269B720-36F9-43D5-B954-1C5094447DB8}.Debug|Any CPU.ActiveCfg = Debug|Any CPU
		{3269B720-36F9-43D5-B954-1C5094447DB8}.Debug|Any CPU.Build.0 = Debug|Any CPU
		{3269B720-36F9-43D5-B954-1C5094447DB8}.Release|Any CPU.ActiveCfg = Release|Any CPU
		{3269B720-36F9-43D5-B954-1C5094447DB8}.Release|Any CPU.Build.0 = Release|Any CPU
	EndGlobalSection
	GlobalSection(SolutionProperties) = preSolution
		HideSolutionNode = FALSE
	EndGlobalSection
	GlobalSection(ExtensibilityGlobals) = postSolution
		SolutionGuid = {BC344B53-F28E-41D7-9D5A-D8DF6174CBAA}
	EndGlobalSection
EndGlobal
